
Microsoft Visual Studio Solution File, Format Version 12.00
# Visual Studio Version 17
VisualStudioVersion = 17.14.36603.0
MinimumVisualStudioVersion = 10.0.40219.1
Project("{FAE04EC0-301F-11D3-BF4B-00C04F79EFBC}") = "AlFarabiApi", "AlFarabiApi\AlFarabiApi.csproj", "{DC31D61E-B03D-A33E-A3B4-25F4415729C9}"
EndProject
Global
	GlobalSection(SolutionConfigurationPlatforms) = preSolution
		Debug|Any CPU = Debug|Any CPU
		Release|Any CPU = Release|Any CPU
	EndGlobalSection
	GlobalSection(ProjectConfigurationPlatforms) = postSolution
		{DC31D61E-B03D-A33E-A3B4-25F4415729C9}.Debug|Any CPU.ActiveCfg = Debug|Any CPU
		{DC31D61E-B03D-A33E-A3B4-25F4415729C9}.Debug|Any CPU.Build.0 = Debug|Any CPU
		{DC31D61E-B03D-A33E-A3B4-25F4415729C9}.Release|Any CPU.ActiveCfg = Release|Any CPU
		{DC31D61E-B03D-A33E-A3B4-25F4415729C9}.Release|Any CPU.Build.0 = Release|Any CPU
	EndGlobalSection
	GlobalSection(SolutionProperties) = preSolution
		HideSolutionNode = FALSE
	EndGlobalSection
	GlobalSection(ExtensibilityGlobals) = postSolution
		SolutionGuid = {DB1C028D-A42C-41C4-9205-29421112A207}
	EndGlobalSection
EndGlobal
